// !$*UTF8*$!
{
	archiveVersion = 1;
	classes = {
	};
	objectVersion = 56;
	objects = {

/* Begin PBXBuildFile section */
		05C866012C04DD4A00252D3B /* AppDelegate.swift in Sources */ = {isa = PBXBuildFile; fileRef = 05C866002C04DD4A00252D3B /* AppDelegate.swift */; };
		05C866032C04DD4A00252D3B /* SceneDelegate.swift in Sources */ = {isa = PBXBuildFile; fileRef = 05C866022C04DD4A00252D3B /* SceneDelegate.swift */; };
		05C866052C04DD4A00252D3B /* ViewController.swift in Sources */ = {isa = PBXBuildFile; fileRef = 05C866042C04DD4A00252D3B /* ViewController.swift */; };
		05C8660A2C04DD4B00252D3B /* Assets.xcassets in Resources */ = {isa = PBXBuildFile; fileRef = 05C866092C04DD4B00252D3B /* Assets.xcassets */; };
		05C866152C04DE1700252D3B /* PhotoViewController.swift in Sources */ = {isa = PBXBuildFile; fileRef = 05C866142C04DE1700252D3B /* PhotoViewController.swift */; };
		05C866182C04DD4A00252D3B /* MediaMetadata.swift in Sources */ = {isa = PBXBuildFile; fileRef = 05C866192C04DD4A00252D3B /* MediaMetadata.swift */; };
		05C8661A2C04DD4A00252D3B /* SecurityManager.swift in Sources */ = {isa = PBXBuildFile; fileRef = 05C8661B2C04DD4A00252D3B /* SecurityManager.swift */; };
		05C8661C2C04DD4A00252D3B /* SettingsManager.swift in Sources */ = {isa = PBXBuildFile; fileRef = 05C8661D2C04DD4A00252D3B /* SettingsManager.swift */; };
		05C8661E2C04DD4A00252D3B /* CloudStorageManager.swift in Sources */ = {isa = PBXBuildFile; fileRef = 05C8661F2C04DD4A00252D3B /* CloudStorageManager.swift */; };
		05C866202C04DD4A00252D3B /* EmergencyManager.swift in Sources */ = {isa = PBXBuildFile; fileRef = 05C866212C04DD4A00252D3B /* EmergencyManager.swift */; };
		05C866222C04DD4A00252D3B /* WatermarkOverlayView.swift in Sources */ = {isa = PBXBuildFile; fileRef = 05C866232C04DD4A00252D3B /* WatermarkOverlayView.swift */; };
		05C866242C04DD4A00252D3B /* WatermarkProcessor.swift in Sources */ = {isa = PBXBuildFile; fileRef = 05C866252C04DD4A00252D3B /* WatermarkProcessor.swift */; };
		05C866262C04DD4A00252D3B /* SettingsViewController.swift in Sources */ = {isa = PBXBuildFile; fileRef = 05C866272C04DD4A00252D3B /* SettingsViewController.swift */; };
/* End PBXBuildFile section */

/* Begin PBXFileReference section */
		05C865FD2C04DD4A00252D3B /* LoCam.app */ = {isa = PBXFileReference; explicitFileType = wrapper.application; includeInIndex = 0; path = LoCam.app; sourceTree = BUILT_PRODUCTS_DIR; };
		05C866002C04DD4A00252D3B /* AppDelegate.swift */ = {isa = PBXFileReference; lastKnownFileType = sourcecode.swift; path = AppDelegate.swift; sourceTree = "<group>"; };
		05C866022C04DD4A00252D3B /* SceneDelegate.swift */ = {isa = PBXFileReference; lastKnownFileType = sourcecode.swift; path = SceneDelegate.swift; sourceTree = "<group>"; };
		05C866042C04DD4A00252D3B /* ViewController.swift */ = {isa = PBXFileReference; lastKnownFileType = sourcecode.swift; path = ViewController.swift; sourceTree = "<group>"; };
		05C866092C04DD4B00252D3B /* Assets.xcassets */ = {isa = PBXFileReference; lastKnownFileType = folder.assetcatalog; path = Assets.xcassets; sourceTree = "<group>"; };
		05C8660E2C04DD4B00252D3B /* Info.plist */ = {isa = PBXFileReference; lastKnownFileType = text.plist.xml; path = Info.plist; sourceTree = "<group>"; };
		05C866142C04DE1700252D3B /* PhotoViewController.swift */ = {isa = PBXFileReference; lastKnownFileType = sourcecode.swift; path = PhotoViewController.swift; sourceTree = "<group>"; };
		05C866192C04DD4A00252D3B /* MediaMetadata.swift */ = {isa = PBXFileReference; lastKnownFileType = sourcecode.swift; path = MediaMetadata.swift; sourceTree = "<group>"; };
		05C8661B2C04DD4A00252D3B /* SecurityManager.swift */ = {isa = PBXFileReference; lastKnownFileType = sourcecode.swift; path = SecurityManager.swift; sourceTree = "<group>"; };
		05C8661D2C04DD4A00252D3B /* SettingsManager.swift */ = {isa = PBXFileReference; lastKnownFileType = sourcecode.swift; path = SettingsManager.swift; sourceTree = "<group>"; };
		05C8661F2C04DD4A00252D3B /* CloudStorageManager.swift */ = {isa = PBXFileReference; lastKnownFileType = sourcecode.swift; path = CloudStorageManager.swift; sourceTree = "<group>"; };
		05C866212C04DD4A00252D3B /* EmergencyManager.swift */ = {isa = PBXFileReference; lastKnownFileType = sourcecode.swift; path = EmergencyManager.swift; sourceTree = "<group>"; };
		05C866232C04DD4A00252D3B /* WatermarkOverlayView.swift */ = {isa = PBXFileReference; lastKnownFileType = sourcecode.swift; path = WatermarkOverlayView.swift; sourceTree = "<group>"; };
		05C866252C04DD4A00252D3B /* WatermarkProcessor.swift */ = {isa = PBXFileReference; lastKnownFileType = sourcecode.swift; path = WatermarkProcessor.swift; sourceTree = "<group>"; };
		05C866272C04DD4A00252D3B /* SettingsViewController.swift */ = {isa = PBXFileReference; lastKnownFileType = sourcecode.swift; path = SettingsViewController.swift; sourceTree = "<group>"; };
/* End PBXFileReference section */

/* Begin PBXFrameworksBuildPhase section */
		05C865FA2C04DD4A00252D3B /* Frameworks */ = {
			isa = PBXFrameworksBuildPhase;
			buildActionMask = 2147483647;
			files = (
			);
			runOnlyForDeploymentPostprocessing = 0;
		};
/* End PBXFrameworksBuildPhase section */

/* Begin PBXGroup section */
		05C865F42C04DD4A00252D3B = {
			isa = PBXGroup;
			children = (
				05C865FF2C04DD4A00252D3B /* LoCam */,
				05C865FE2C04DD4A00252D3B /* Products */,
			);
			sourceTree = "<group>";
		};
		05C865FE2C04DD4A00252D3B /* Products */ = {
			isa = PBXGroup;
			children = (
				05C865FD2C04DD4A00252D3B /* LoCam.app */,
			);
			name = Products;
			sourceTree = "<group>";
		};
		05C865FF2C04DD4A00252D3B /* LoCam */ = {
			isa = PBXGroup;
			children = (
				05C866002C04DD4A00252D3B /* AppDelegate.swift */,
				05C866022C04DD4A00252D3B /* SceneDelegate.swift */,
				05C866142C04DE1700252D3B /* PhotoViewController.swift */,
				05C866042C04DD4A00252D3B /* ViewController.swift */,
				05C866282C04DD4A00252D3B /* Models */,
				05C866292C04DD4A00252D3B /* Managers */,
				05C8662A2C04DD4A00252D3B /* Views */,
				05C8662B2C04DD4A00252D3B /* Utils */,
				05C866092C04DD4B00252D3B /* Assets.xcassets */,
				05C8660E2C04DD4B00252D3B /* Info.plist */,
			);
			path = LoCam;
			sourceTree = "<group>";
		};
		05C866282C04DD4A00252D3B /* Models */ = {
			isa = PBXGroup;
			children = (
				05C866192C04DD4A00252D3B /* MediaMetadata.swift */,
			);
			path = Models;
			sourceTree = "<group>";
		};
		05C866292C04DD4A00252D3B /* Managers */ = {
			isa = PBXGroup;
			children = (
				05C8661B2C04DD4A00252D3B /* SecurityManager.swift */,
				05C8661D2C04DD4A00252D3B /* SettingsManager.swift */,
				05C8661F2C04DD4A00252D3B /* CloudStorageManager.swift */,
				05C866212C04DD4A00252D3B /* EmergencyManager.swift */,
			);
			path = Managers;
			sourceTree = "<group>";
		};
		05C8662A2C04DD4A00252D3B /* Views */ = {
			isa = PBXGroup;
			children = (
				05C866232C04DD4A00252D3B /* WatermarkOverlayView.swift */,
				05C866272C04DD4A00252D3B /* SettingsViewController.swift */,
			);
			path = Views;
			sourceTree = "<group>";
		};
		05C8662B2C04DD4A00252D3B /* Utils */ = {
			isa = PBXGroup;
			children = (
				05C866252C04DD4A00252D3B /* WatermarkProcessor.swift */,
			);
			path = Utils;
			sourceTree = "<group>";
		};
/* End PBXGroup section */

/* Begin PBXNativeTarget section */
		05C865FC2C04DD4A00252D3B /* LoCam */ = {
			isa = PBXNativeTarget;
			buildConfigurationList = 05C866112C04DD4B00252D3B /* Build configuration list for PBXNativeTarget "LoCam" */;
			buildPhases = (
				05C865F92C04DD4A00252D3B /* Sources */,
				05C865FA2C04DD4A00252D3B /* Frameworks */,
				05C865FB2C04DD4A00252D3B /* Resources */,
			);
			buildRules = (
			);
			dependencies = (
			);
			name = LoCam;
			productName = LoCam;
			productReference = 05C865FD2C04DD4A00252D3B /* LoCam.app */;
			productType = "com.apple.product-type.application";
		};
/* End PBXNativeTarget section */

/* Begin PBXProject section */
		05C865F52C04DD4A00252D3B /* Project object */ = {
			isa = PBXProject;
			attributes = {
				BuildIndependentTargetsInParallel = 1;
				LastSwiftUpdateCheck = 1520;
				LastUpgradeCheck = 1520;
				TargetAttributes = {
					05C865FC2C04DD4A00252D3B = {
						CreatedOnToolsVersion = 15.2;
					};
				};
			};
			buildConfigurationList = 05C865F82C04DD4A00252D3B /* Build configuration list for PBXProject "LoCam" */;
			compatibilityVersion = "Xcode 14.0";
			developmentRegion = en;
			hasScannedForEncodings = 0;
			knownRegions = (
				en,
				Base,
			);
			mainGroup = 05C865F42C04DD4A00252D3B;
			productRefGroup = 05C865FE2C04DD4A00252D3B /* Products */;
			projectDirPath = "";
			projectRoot = "";
			targets = (
				05C865FC2C04DD4A00252D3B /* LoCam */,
			);
		};
/* End PBXProject section */

/* Begin PBXResourcesBuildPhase section */
		05C865FB2C04DD4A00252D3B /* Resources */ = {
			isa = PBXResourcesBuildPhase;
			buildActionMask = 2147483647;
			files = (
				05C8660A2C04DD4B00252D3B /* Assets.xcassets in Resources */,
			);
			runOnlyForDeploymentPostprocessing = 0;
		};
/* End PBXResourcesBuildPhase section */

/* Begin PBXSourcesBuildPhase section */
		05C865F92C04DD4A00252D3B /* Sources */ = {
			isa = PBXSourcesBuildPhase;
			buildActionMask = 2147483647;
			files = (
				05C866052C04DD4A00252D3B /* ViewController.swift in Sources */,
				05C866152C04DE1700252D3B /* PhotoViewController.swift in Sources */,
				05C866012C04DD4A00252D3B /* AppDelegate.swift in Sources */,
				05C866032C04DD4A00252D3B /* SceneDelegate.swift in Sources */,
				05C866182C04DD4A00252D3B /* MediaMetadata.swift in Sources */,
				05C8661A2C04DD4A00252D3B /* SecurityManager.swift in Sources */,
				05C8661C2C04DD4A00252D3B /* SettingsManager.swift in Sources */,
				05C8661E2C04DD4A00252D3B /* CloudStorageManager.swift in Sources */,
				05C866202C04DD4A00252D3B /* EmergencyManager.swift in Sources */,
				05C866222C04DD4A00252D3B /* WatermarkOverlayView.swift in Sources */,
				05C866242C04DD4A00252D3B /* WatermarkProcessor.swift in Sources */,
				05C866262C04DD4A00252D3B /* SettingsViewController.swift in Sources */,
			);
			runOnlyForDeploymentPostprocessing = 0;
		};
/* End PBXSourcesBuildPhase section */

/* Begin XCBuildConfiguration section */
		05C8660F2C04DD4B00252D3B /* Debug */ = {
			isa = XCBuildConfiguration;
			buildSettings = {
				ALWAYS_SEARCH_USER_PATHS = NO;
				ASSETCATALOG_COMPILER_GENERATE_SWIFT_ASSET_SYMBOL_EXTENSIONS = YES;
				CLANG_ANALYZER_NONNULL = YES;
				CLANG_ANALYZER_NUMBER_OBJECT_CONVERSION = YES_AGGRESSIVE;
				CLANG_CXX_LANGUAGE_STANDARD = "gnu++20";
				CLANG_ENABLE_MODULES = YES;
				CLANG_ENABLE_OBJC_ARC = YES;
				CLANG_ENABLE_OBJC_WEAK = YES;
				CLANG_WARN_BLOCK_CAPTURE_AUTORELEASING = YES;
				CLANG_WARN_BOOL_CONVERSION = YES;
				CLANG_WARN_COMMA = YES;
				CLANG_WARN_CONSTANT_CONVERSION = YES;
				CLANG_WARN_DEPRECATED_OBJC_IMPLEMENTATIONS = YES;
				CLANG_WARN_DIRECT_OBJC_ISA_USAGE = YES_ERROR;
				CLANG_WARN_DOCUMENTATION_COMMENTS = YES;
				CLANG_WARN_EMPTY_BODY = YES;
				CLANG_WARN_ENUM_CONVERSION = YES;
				CLANG_WARN_INFINITE_RECURSION = YES;
				CLANG_WARN_INT_CONVERSION = YES;
				CLANG_WARN_NON_LITERAL_NULL_CONVERSION = YES;
				CLANG_WARN_OBJC_IMPLICIT_RETAIN_SELF = YES;
				CLANG_WARN_OBJC_LITERAL_CONVERSION = YES;
				CLANG_WARN_OBJC_ROOT_CLASS = YES_ERROR;
				CLANG_WARN_QUOTED_INCLUDE_IN_FRAMEWORK_HEADER = YES;
				CLANG_WARN_RANGE_LOOP_ANALYSIS = YES;
				CLANG_WARN_STRICT_PROTOTYPES = YES;
				CLANG_WARN_SUSPICIOUS_MOVE = YES;
				CLANG_WARN_UNGUARDED_AVAILABILITY = YES_AGGRESSIVE;
				CLANG_WARN_UNREACHABLE_CODE = YES;
				CLANG_WARN__DUPLICATE_METHOD_MATCH = YES;
				COPY_PHASE_STRIP = NO;
				DEBUG_INFORMATION_FORMAT = dwarf;
				ENABLE_STRICT_OBJC_MSGSEND = YES;
				ENABLE_TESTABILITY = YES;
				ENABLE_USER_SCRIPT_SANDBOXING = YES;
				GCC_C_LANGUAGE_STANDARD = gnu17;
				GCC_DYNAMIC_NO_PIC = NO;
				GCC_NO_COMMON_BLOCKS = YES;
				GCC_OPTIMIZATION_LEVEL = 0;
				GCC_PREPROCESSOR_DEFINITIONS = (
					"DEBUG=1",
					"$(inherited)",
				);
				GCC_WARN_64_TO_32_BIT_CONVERSION = YES;
				GCC_WARN_ABOUT_RETURN_TYPE = YES_ERROR;
				GCC_WARN_UNDECLARED_SELECTOR = YES;
				GCC_WARN_UNINITIALIZED_AUTOS = YES_AGGRESSIVE;
				GCC_WARN_UNUSED_FUNCTION = YES;
				GCC_WARN_UNUSED_VARIABLE = YES;
				IPHONEOS_DEPLOYMENT_TARGET = 17.2;
				LOCALIZATION_PREFERS_STRING_CATALOGS = YES;
				MTL_ENABLE_DEBUG_INFO = INCLUDE_SOURCE;
				MTL_FAST_MATH = YES;
				ONLY_ACTIVE_ARCH = YES;
				SDKROOT = iphoneos;
				SWIFT_ACTIVE_COMPILATION_CONDITIONS = "DEBUG $(inherited)";
				SWIFT_OPTIMIZATION_LEVEL = "-Onone";
			};
			name = Debug;
		};
		05C866102C04DD4B00252D3B /* Release */ = {
			isa = XCBuildConfiguration;
			buildSettings = {
				ALWAYS_SEARCH_USER_PATHS = NO;
				ASSETCATALOG_COMPILER_GENERATE_SWIFT_ASSET_SYMBOL_EXTENSIONS = YES;
				CLANG_ANALYZER_NONNULL = YES;
				CLANG_ANALYZER_NUMBER_OBJECT_CONVERSION = YES_AGGRESSIVE;
				CLANG_CXX_LANGUAGE_STANDARD = "gnu++20";
				CLANG_ENABLE_MODULES = YES;
				CLANG_ENABLE_OBJC_ARC = YES;
				CLANG_ENABLE_OBJC_WEAK = YES;
				CLANG_WARN_BLOCK_CAPTURE_AUTORELEASING = YES;
				CLANG_WARN_BOOL_CONVERSION = YES;
				CLANG_WARN_COMMA = YES;
				CLANG_WARN_CONSTANT_CONVERSION = YES;
				CLANG_WARN_DEPRECATED_OBJC_IMPLEMENTATIONS = YES;
				CLANG_WARN_DIRECT_OBJC_ISA_USAGE = YES_ERROR;
				CLANG_WARN_DOCUMENTATION_COMMENTS = YES;
				CLANG_WARN_EMPTY_BODY = YES;
				CLANG_WARN_ENUM_CONVERSION = YES;
				CLANG_WARN_INFINITE_RECURSION = YES;
				CLANG_WARN_INT_CONVERSION = YES;
				CLANG_WARN_NON_LITERAL_NULL_CONVERSION = YES;
				CLANG_WARN_OBJC_IMPLICIT_RETAIN_SELF = YES;
				CLANG_WARN_OBJC_LITERAL_CONVERSION = YES;
				CLANG_WARN_OBJC_ROOT_CLASS = YES_ERROR;
				CLANG_WARN_QUOTED_INCLUDE_IN_FRAMEWORK_HEADER = YES;
				CLANG_WARN_RANGE_LOOP_ANALYSIS = YES;
				CLANG_WARN_STRICT_PROTOTYPES = YES;
				CLANG_WARN_SUSPICIOUS_MOVE = YES;
				CLANG_WARN_UNGUARDED_AVAILABILITY = YES_AGGRESSIVE;
				CLANG_WARN_UNREACHABLE_CODE = YES;
				CLANG_WARN__DUPLICATE_METHOD_MATCH = YES;
				COPY_PHASE_STRIP = NO;
				DEBUG_INFORMATION_FORMAT = "dwarf-with-dsym";
				ENABLE_NS_ASSERTIONS = NO;
				ENABLE_STRICT_OBJC_MSGSEND = YES;
				ENABLE_USER_SCRIPT_SANDBOXING = YES;
				GCC_C_LANGUAGE_STANDARD = gnu17;
				GCC_NO_COMMON_BLOCKS = YES;
				GCC_WARN_64_TO_32_BIT_CONVERSION = YES;
				GCC_WARN_ABOUT_RETURN_TYPE = YES_ERROR;
				GCC_WARN_UNDECLARED_SELECTOR = YES;
				GCC_WARN_UNINITIALIZED_AUTOS = YES_AGGRESSIVE;
				GCC_WARN_UNUSED_FUNCTION = YES;
				GCC_WARN_UNUSED_VARIABLE = YES;
				IPHONEOS_DEPLOYMENT_TARGET = 17.2;
				LOCALIZATION_PREFERS_STRING_CATALOGS = YES;
				MTL_ENABLE_DEBUG_INFO = NO;
				MTL_FAST_MATH = YES;
				SDKROOT = iphoneos;
				SWIFT_COMPILATION_MODE = wholemodule;
				VALIDATE_PRODUCT = YES;
			};
			name = Release;
		};
		05C866122C04DD4B00252D3B /* Debug */ = {
			isa = XCBuildConfiguration;
			buildSettings = {
				ASSETCATALOG_COMPILER_APPICON_NAME = AppIcon;
				ASSETCATALOG_COMPILER_GLOBAL_ACCENT_COLOR_NAME = AccentColor;
				CODE_SIGN_STYLE = Automatic;
				CURRENT_PROJECT_VERSION = 1;
				DEVELOPMENT_TEAM = 8LYJPF7G96;
				GENERATE_INFOPLIST_FILE = YES;
				INFOPLIST_FILE = LoCam/Info.plist;
				INFOPLIST_KEY_UIApplicationSupportsIndirectInputEvents = YES;
				INFOPLIST_KEY_UILaunchStoryboardName = LaunchScreen;
				INFOPLIST_KEY_UISupportedInterfaceOrientations_iPad = "UIInterfaceOrientationPortrait UIInterfaceOrientationPortraitUpsideDown UIInterfaceOrientationLandscapeLeft UIInterfaceOrientationLandscapeRight";
				INFOPLIST_KEY_UISupportedInterfaceOrientations_iPhone = "UIInterfaceOrientationPortrait UIInterfaceOrientationLandscapeLeft UIInterfaceOrientationLandscapeRight";
				IPHONEOS_DEPLOYMENT_TARGET = 15.0;
				LD_RUNPATH_SEARCH_PATHS = (
					"$(inherited)",
					"@executable_path/Frameworks",
				);
				MARKETING_VERSION = 1.0;
				PRODUCT_BUNDLE_IDENTIFIER = com.tinciti.LoCam;
				PRODUCT_NAME = "$(TARGET_NAME)";
				SUPPORTED_PLATFORMS = "iphoneos iphonesimulator";
				SUPPORTS_MACCATALYST = NO;
				SUPPORTS_MAC_DESIGNED_FOR_IPHONE_IPAD = NO;
				SUPPORTS_XR_DESIGNED_FOR_IPHONE_IPAD = NO;
				SWIFT_EMIT_LOC_STRINGS = YES;
				SWIFT_VERSION = 5.0;
				TARGETED_DEVICE_FAMILY = 1;
			};
			name = Debug;
		};
		05C866132C04DD4B00252D3B /* Release */ = {
			isa = XCBuildConfiguration;
			buildSettings = {
				ASSETCATALOG_COMPILER_APPICON_NAME = AppIcon;
				ASSETCATALOG_COMPILER_GLOBAL_ACCENT_COLOR_NAME = AccentColor;
				CODE_SIGN_STYLE = Automatic;
				CURRENT_PROJECT_VERSION = 1;
				DEVELOPMENT_TEAM = 8LYJPF7G96;
				GENERATE_INFOPLIST_FILE = YES;
				INFOPLIST_FILE = LoCam/Info.plist;
				INFOPLIST_KEY_UIApplicationSupportsIndirectInputEvents = YES;
				INFOPLIST_KEY_UILaunchStoryboardName = LaunchScreen;
				INFOPLIST_KEY_UISupportedInterfaceOrientations_iPad = "UIInterfaceOrientationPortrait UIInterfaceOrientationPortraitUpsideDown UIInterfaceOrientationLandscapeLeft UIInterfaceOrientationLandscapeRight";
				INFOPLIST_KEY_UISupportedInterfaceOrientations_iPhone = "UIInterfaceOrientationPortrait UIInterfaceOrientationLandscapeLeft UIInterfaceOrientationLandscapeRight";
				IPHONEOS_DEPLOYMENT_TARGET = 15.0;
				LD_RUNPATH_SEARCH_PATHS = (
					"$(inherited)",
					"@executable_path/Frameworks",
				);
				MARKETING_VERSION = 1.0;
				PRODUCT_BUNDLE_IDENTIFIER = com.tinciti.LoCam;
				PRODUCT_NAME = "$(TARGET_NAME)";
				SUPPORTED_PLATFORMS = "iphoneos iphonesimulator";
				SUPPORTS_MACCATALYST = NO;
				SUPPORTS_MAC_DESIGNED_FOR_IPHONE_IPAD = NO;
				SUPPORTS_XR_DESIGNED_FOR_IPHONE_IPAD = NO;
				SWIFT_EMIT_LOC_STRINGS = YES;
				SWIFT_VERSION = 5.0;
				TARGETED_DEVICE_FAMILY = 1;
			};
			name = Release;
		};
/* End XCBuildConfiguration section */

/* Begin XCConfigurationList section */
		05C865F82C04DD4A00252D3B /* Build configuration list for PBXProject "LoCam" */ = {
			isa = XCConfigurationList;
			buildConfigurations = (
				05C8660F2C04DD4B00252D3B /* Debug */,
				05C866102C04DD4B00252D3B /* Release */,
			);
			defaultConfigurationIsVisible = 0;
			defaultConfigurationName = Release;
		};
		05C866112C04DD4B00252D3B /* Build configuration list for PBXNativeTarget "LoCam" */ = {
			isa = XCConfigurationList;
			buildConfigurations = (
				05C866122C04DD4B00252D3B /* Debug */,
				05C866132C04DD4B00252D3B /* Release */,
			);
			defaultConfigurationIsVisible = 0;
			defaultConfigurationName = Release;
		};
/* End XCConfigurationList section */
	};
	rootObject = 05C865F52C04DD4A00252D3B /* Project object */;
}
